NeoBundleLock ale d700da8cb803237d313a7cfa1824b610b3435a0a
NeoBundleLock lightline.vim 7b79f2ac354184861e9cf9cad4a2b18def8f50b3
NeoBundleLock neobundle.vim 88951d60547595606ea0ca8f28f643d2506f2714
NeoBundleLock neocomplete.vim 5701fc43eab03410b87773301ff6b5f52a15456e
NeoBundleLock nerdcommenter 057f6150bdb11124bcb63e85f5445fae47f383c3
NeoBundleLock nerdtree eee431dbd44111c858c6d33ffd366cae1f17f8b3
NeoBundleLock rust.vim 905de988c7980eae247ebceb7e01c9984bb209ab
NeoBundleLock supertab 66511772a430a5eaad7f7d03dbb02e8f33c4a641
NeoBundleLock vim-fugitive b754bc2031f21a532c083dd0d072ba373bbe3a37
NeoBundleLock vim-indent-guides 018298ead9d3aa9cd3b4ae222f81022a33978b09
NeoBundleLock vim-minimap d3b2264cf6d123417e88a84f21c6994d9aeb7587
NeoBundleLock vim-multiple-cursors 51d0717f63cc231f11b4b63ee5b611f589dce1b3
NeoBundleLock vim-table-mode 441c30c35aec9d5c2de1d58a77a7d22aa8d93b06
NeoBundleLock vimfiler.vim 1f00a8a5c48714ae88e7a573429beef447003a5d
